
Microsoft Visual Studio Solution File, Format Version 12.00
# Visual Studio Version 16
VisualStudioVersion = 16.0.29709.97
MinimumVisualStudioVersion = 10.0.40219.1
Project("{888888A0-9F3D-457C-B088-3A5042F75D52}") = "projects1", "projects1\projects1.pyproj", "{EE14C5D5-5E72-4D47-A329-E366832FFEBF}"
EndProject
Global
	GlobalSection(SolutionConfigurationPlatforms) = preSolution
		Debug|Any CPU = Debug|Any CPU
		Release|Any CPU = Release|Any CPU
	EndGlobalSection
	GlobalSection(ProjectConfigurationPlatforms) = postSolution
		{EE14C5D5-5E72-4D47-A329-E366832FFEBF}.Debug|Any CPU.ActiveCfg = Debug|Any CPU
		{EE14C5D5-5E72-4D47-A329-E366832FFEBF}.Release|Any CPU.ActiveCfg = Release|Any CPU
	EndGlobalSection
	GlobalSection(SolutionProperties) = preSolution
		HideSolutionNode = FALSE
	EndGlobalSection
	GlobalSection(ExtensibilityGlobals) = postSolution
		SolutionGuid = {DBC0B642-A7AF-44E8-8D48-F54FCDB9325D}
	EndGlobalSection
EndGlobal
